
Microsoft Visual Studio Solution File, Format Version 12.00
# Visual Studio Version 16
VisualStudioVersion = 16.0.30204.135
MinimumVisualStudioVersion = 10.0.40219.1
Project("{FAE04EC0-301F-11D3-BF4B-00C04F79EFBC}") = "MVCCalculator", "MVCCalculator\MVCCalculator.csproj", "{691A825B-366D-48B8-ADB5-940F1E97A46A}"
EndProject
Global
	GlobalSection(SolutionConfigurationPlatforms) = preSolution
		Debug|Any CPU = Debug|Any CPU
		Release|Any CPU = Release|Any CPU
	EndGlobalSection
	GlobalSection(ProjectConfigurationPlatforms) = postSolution
		{691A825B-366D-48B8-ADB5-940F1E97A46A}.Debug|Any CPU.ActiveCfg = Debug|Any CPU
		{691A825B-366D-48B8-ADB5-940F1E97A46A}.Debug|Any CPU.Build.0 = Debug|Any CPU
		{691A825B-366D-48B8-ADB5-940F1E97A46A}.Release|Any CPU.ActiveCfg = Release|Any CPU
		{691A825B-366D-48B8-ADB5-940F1E97A46A}.Release|Any CPU.Build.0 = Release|Any CPU
	EndGlobalSection
	GlobalSection(SolutionProperties) = preSolution
		HideSolutionNode = FALSE
	EndGlobalSection
	GlobalSection(ExtensibilityGlobals) = postSolution
		SolutionGuid = {AC3A01FC-2AA4-4A84-A1E8-B5A56C020717}
	EndGlobalSection
EndGlobal
