
Microsoft Visual Studio Solution File, Format Version 12.00
# Visual Studio Version 16
VisualStudioVersion = 16.0.29519.181
MinimumVisualStudioVersion = 10.0.40219.1
Project("{FAE04EC0-301F-11D3-BF4B-00C04F79EFBC}") = "ChartJS", "ChartJS\ChartJS.csproj", "{2D243EE3-46B2-4AFD-A8F9-C4884D2D8DA7}"
EndProject
Global
	GlobalSection(SolutionConfigurationPlatforms) = preSolution
		Debug|Any CPU = Debug|Any CPU
		Release|Any CPU = Release|Any CPU
	EndGlobalSection
	GlobalSection(ProjectConfigurationPlatforms) = postSolution
		{2D243EE3-46B2-4AFD-A8F9-C4884D2D8DA7}.Debug|Any CPU.ActiveCfg = Debug|Any CPU
		{2D243EE3-46B2-4AFD-A8F9-C4884D2D8DA7}.Debug|Any CPU.Build.0 = Debug|Any CPU
		{2D243EE3-46B2-4AFD-A8F9-C4884D2D8DA7}.Release|Any CPU.ActiveCfg = Release|Any CPU
		{2D243EE3-46B2-4AFD-A8F9-C4884D2D8DA7}.Release|Any CPU.Build.0 = Release|Any CPU
	EndGlobalSection
	GlobalSection(SolutionProperties) = preSolution
		HideSolutionNode = FALSE
	EndGlobalSection
	GlobalSection(ExtensibilityGlobals) = postSolution
		SolutionGuid = {0D5AB4DB-8A3B-465F-977B-0FE1B8AD6942}
	EndGlobalSection
EndGlobal
