
Microsoft Visual Studio Solution File, Format Version 12.00
# Visual Studio Version 16
VisualStudioVersion = 16.0.29609.76
MinimumVisualStudioVersion = 10.0.40219.1
Project("{FAE04EC0-301F-11D3-BF4B-00C04F79EFBC}") = "MorrisJSDotVVM", "MorrisJSDotVVM\MorrisJSDotVVM.csproj", "{825D437A-58CD-4ED6-AF04-1E27F5DB3C69}"
EndProject
Global
	GlobalSection(SolutionConfigurationPlatforms) = preSolution
		Debug|Any CPU = Debug|Any CPU
		Release|Any CPU = Release|Any CPU
	EndGlobalSection
	GlobalSection(ProjectConfigurationPlatforms) = postSolution
		{825D437A-58CD-4ED6-AF04-1E27F5DB3C69}.Debug|Any CPU.ActiveCfg = Debug|Any CPU
		{825D437A-58CD-4ED6-AF04-1E27F5DB3C69}.Debug|Any CPU.Build.0 = Debug|Any CPU
		{825D437A-58CD-4ED6-AF04-1E27F5DB3C69}.Release|Any CPU.ActiveCfg = Release|Any CPU
		{825D437A-58CD-4ED6-AF04-1E27F5DB3C69}.Release|Any CPU.Build.0 = Release|Any CPU
	EndGlobalSection
	GlobalSection(SolutionProperties) = preSolution
		HideSolutionNode = FALSE
	EndGlobalSection
	GlobalSection(ExtensibilityGlobals) = postSolution
		SolutionGuid = {949605C9-17B7-479E-A8FD-EE05F1B82031}
	EndGlobalSection
EndGlobal
